
Microsoft Visual Studio Solution File, Format Version 12.00
# Visual Studio Version 17
VisualStudioVersion = 17.6.33829.357
MinimumVisualStudioVersion = 10.0.40219.1
Project("{FAE04EC0-301F-11D3-BF4B-00C04F79EFBC}") = "ReverseEngineer", "ReverseEngineer\ReverseEngineer.csproj", "{B11A874F-CB1B-4FE6-B984-452F5EF3165E}"
EndProject
Global
	GlobalSection(SolutionConfigurationPlatforms) = preSolution
		Debug|Any CPU = Debug|Any CPU
		Release|Any CPU = Release|Any CPU
	EndGlobalSection
	GlobalSection(ProjectConfigurationPlatforms) = postSolution
		{B11A874F-CB1B-4FE6-B984-452F5EF3165E}.Debug|Any CPU.ActiveCfg = Debug|Any CPU
		{B11A874F-CB1B-4FE6-B984-452F5EF3165E}.Debug|Any CPU.Build.0 = Debug|Any CPU
		{B11A874F-CB1B-4FE6-B984-452F5EF3165E}.Release|Any CPU.ActiveCfg = Release|Any CPU
		{B11A874F-CB1B-4FE6-B984-452F5EF3165E}.Release|Any CPU.Build.0 = Release|Any CPU
	EndGlobalSection
	GlobalSection(SolutionProperties) = preSolution
		HideSolutionNode = FALSE
	EndGlobalSection
	GlobalSection(ExtensibilityGlobals) = postSolution
		SolutionGuid = {11971DA2-D559-42EE-8F53-8C86D2417032}
	EndGlobalSection
EndGlobal
